
Microsoft Visual Studio Solution File, Format Version 12.00
# Visual Studio Version 17
VisualStudioVersion = 17.14.36811.4 d17.14
MinimumVisualStudioVersion = 10.0.40219.1
Project("{FAE04EC0-301F-11D3-BF4B-00C04F79EFBC}") = "0112_Assingment", "0112_Assingment\0112_Assingment.csproj", "{52A82DFF-5308-4E72-9EA0-A66310DE044A}"
EndProject
Global
	GlobalSection(SolutionConfigurationPlatforms) = preSolution
		Debug|Any CPU = Debug|Any CPU
		Release|Any CPU = Release|Any CPU
	EndGlobalSection
	GlobalSection(ProjectConfigurationPlatforms) = postSolution
		{52A82DFF-5308-4E72-9EA0-A66310DE044A}.Debug|Any CPU.ActiveCfg = Debug|Any CPU
		{52A82DFF-5308-4E72-9EA0-A66310DE044A}.Debug|Any CPU.Build.0 = Debug|Any CPU
		{52A82DFF-5308-4E72-9EA0-A66310DE044A}.Release|Any CPU.ActiveCfg = Release|Any CPU
		{52A82DFF-5308-4E72-9EA0-A66310DE044A}.Release|Any CPU.Build.0 = Release|Any CPU
	EndGlobalSection
	GlobalSection(SolutionProperties) = preSolution
		HideSolutionNode = FALSE
	EndGlobalSection
	GlobalSection(ExtensibilityGlobals) = postSolution
		SolutionGuid = {86DE8FF7-46BB-46B2-9FA3-C8898A7E1BF2}
	EndGlobalSection
EndGlobal
