
Microsoft Visual Studio Solution File, Format Version 12.00
# Visual Studio Version 17
VisualStudioVersion = 17.14.36811.4 d17.14
MinimumVisualStudioVersion = 10.0.40219.1
Project("{FAE04EC0-301F-11D3-BF4B-00C04F79EFBC}") = "0105", "0105\0105.csproj", "{027C171D-9894-426D-9E47-43C050E19E14}"
EndProject
Global
	GlobalSection(SolutionConfigurationPlatforms) = preSolution
		Debug|Any CPU = Debug|Any CPU
		Release|Any CPU = Release|Any CPU
	EndGlobalSection
	GlobalSection(ProjectConfigurationPlatforms) = postSolution
		{027C171D-9894-426D-9E47-43C050E19E14}.Debug|Any CPU.ActiveCfg = Debug|Any CPU
		{027C171D-9894-426D-9E47-43C050E19E14}.Debug|Any CPU.Build.0 = Debug|Any CPU
		{027C171D-9894-426D-9E47-43C050E19E14}.Release|Any CPU.ActiveCfg = Release|Any CPU
		{027C171D-9894-426D-9E47-43C050E19E14}.Release|Any CPU.Build.0 = Release|Any CPU
	EndGlobalSection
	GlobalSection(SolutionProperties) = preSolution
		HideSolutionNode = FALSE
	EndGlobalSection
	GlobalSection(ExtensibilityGlobals) = postSolution
		SolutionGuid = {9B80E360-E713-4217-AC3C-1D4FDC66D417}
	EndGlobalSection
EndGlobal
