
Microsoft Visual Studio Solution File, Format Version 12.00
# Visual Studio Version 17
VisualStudioVersion = 17.14.36811.4 d17.14
MinimumVisualStudioVersion = 10.0.40219.1
Project("{FAE04EC0-301F-11D3-BF4B-00C04F79EFBC}") = "0115_10", "0115_10\0115_10.csproj", "{BF6C8FAA-A089-4DD0-82D3-2F1225E4BA91}"
EndProject
Global
	GlobalSection(SolutionConfigurationPlatforms) = preSolution
		Debug|Any CPU = Debug|Any CPU
		Release|Any CPU = Release|Any CPU
	EndGlobalSection
	GlobalSection(ProjectConfigurationPlatforms) = postSolution
		{BF6C8FAA-A089-4DD0-82D3-2F1225E4BA91}.Debug|Any CPU.ActiveCfg = Debug|Any CPU
		{BF6C8FAA-A089-4DD0-82D3-2F1225E4BA91}.Debug|Any CPU.Build.0 = Debug|Any CPU
		{BF6C8FAA-A089-4DD0-82D3-2F1225E4BA91}.Release|Any CPU.ActiveCfg = Release|Any CPU
		{BF6C8FAA-A089-4DD0-82D3-2F1225E4BA91}.Release|Any CPU.Build.0 = Release|Any CPU
	EndGlobalSection
	GlobalSection(SolutionProperties) = preSolution
		HideSolutionNode = FALSE
	EndGlobalSection
	GlobalSection(ExtensibilityGlobals) = postSolution
		SolutionGuid = {0E454FA0-0FBD-4DDB-9A23-61ED5A8130C7}
	EndGlobalSection
EndGlobal
