
Microsoft Visual Studio Solution File, Format Version 12.00
# Visual Studio Version 17
VisualStudioVersion = 17.14.36811.4 d17.14
MinimumVisualStudioVersion = 10.0.40219.1
Project("{FAE04EC0-301F-11D3-BF4B-00C04F79EFBC}") = "0113_Assignment", "0113_Assignment\0113_Assignment.csproj", "{48BB6A59-C11A-49B0-B01D-BDA2DE4B047F}"
EndProject
Global
	GlobalSection(SolutionConfigurationPlatforms) = preSolution
		Debug|Any CPU = Debug|Any CPU
		Release|Any CPU = Release|Any CPU
	EndGlobalSection
	GlobalSection(ProjectConfigurationPlatforms) = postSolution
		{48BB6A59-C11A-49B0-B01D-BDA2DE4B047F}.Debug|Any CPU.ActiveCfg = Debug|Any CPU
		{48BB6A59-C11A-49B0-B01D-BDA2DE4B047F}.Debug|Any CPU.Build.0 = Debug|Any CPU
		{48BB6A59-C11A-49B0-B01D-BDA2DE4B047F}.Release|Any CPU.ActiveCfg = Release|Any CPU
		{48BB6A59-C11A-49B0-B01D-BDA2DE4B047F}.Release|Any CPU.Build.0 = Release|Any CPU
	EndGlobalSection
	GlobalSection(SolutionProperties) = preSolution
		HideSolutionNode = FALSE
	EndGlobalSection
	GlobalSection(ExtensibilityGlobals) = postSolution
		SolutionGuid = {27A98DC8-9625-4BAE-9BF8-D12D45FDD3F7}
	EndGlobalSection
EndGlobal
