
Microsoft Visual Studio Solution File, Format Version 12.00
# Visual Studio Version 17
VisualStudioVersion = 17.14.36811.4 d17.14
MinimumVisualStudioVersion = 10.0.40219.1
Project("{FAE04EC0-301F-11D3-BF4B-00C04F79EFBC}") = "0109", "0109\0109.csproj", "{D91D5E43-90AC-4729-88F5-2C9144381EF6}"
EndProject
Global
	GlobalSection(SolutionConfigurationPlatforms) = preSolution
		Debug|Any CPU = Debug|Any CPU
		Release|Any CPU = Release|Any CPU
	EndGlobalSection
	GlobalSection(ProjectConfigurationPlatforms) = postSolution
		{D91D5E43-90AC-4729-88F5-2C9144381EF6}.Debug|Any CPU.ActiveCfg = Debug|Any CPU
		{D91D5E43-90AC-4729-88F5-2C9144381EF6}.Debug|Any CPU.Build.0 = Debug|Any CPU
		{D91D5E43-90AC-4729-88F5-2C9144381EF6}.Release|Any CPU.ActiveCfg = Release|Any CPU
		{D91D5E43-90AC-4729-88F5-2C9144381EF6}.Release|Any CPU.Build.0 = Release|Any CPU
	EndGlobalSection
	GlobalSection(SolutionProperties) = preSolution
		HideSolutionNode = FALSE
	EndGlobalSection
	GlobalSection(ExtensibilityGlobals) = postSolution
		SolutionGuid = {EC02F62B-638D-4DDC-A401-FCF8C1F59A38}
	EndGlobalSection
EndGlobal
